
Microsoft Visual Studio Solution File, Format Version 12.00
# Visual Studio Version 17
VisualStudioVersion = 17.3.32922.545
MinimumVisualStudioVersion = 10.0.40219.1
Project("{9A19103F-16F7-4668-BE54-9A1E7A4F7556}") = "DoAn", "DoAn.csproj", "{5F7E79E7-4525-43A5-965C-E46518729E6C}"
EndProject
Global
	GlobalSection(SolutionConfigurationPlatforms) = preSolution
		Debug|Any CPU = Debug|Any CPU
		Release|Any CPU = Release|Any CPU
	EndGlobalSection
	GlobalSection(ProjectConfigurationPlatforms) = postSolution
		{5F7E79E7-4525-43A5-965C-E46518729E6C}.Debug|Any CPU.ActiveCfg = Debug|Any CPU
		{5F7E79E7-4525-43A5-965C-E46518729E6C}.Debug|Any CPU.Build.0 = Debug|Any CPU
		{5F7E79E7-4525-43A5-965C-E46518729E6C}.Release|Any CPU.ActiveCfg = Release|Any CPU
		{5F7E79E7-4525-43A5-965C-E46518729E6C}.Release|Any CPU.Build.0 = Release|Any CPU
	EndGlobalSection
	GlobalSection(SolutionProperties) = preSolution
		HideSolutionNode = FALSE
	EndGlobalSection
	GlobalSection(ExtensibilityGlobals) = postSolution
		SolutionGuid = {277B14D1-255C-4B72-B0C2-E48C7D51914A}
	EndGlobalSection
EndGlobal
